// !$*UTF8*$!
{
	archiveVersion = 1;
	classes = {
	};
	objectVersion = 48;
	objects = {

/* Begin PBXBuildFile section */
		498DE1FC203C1C5D0045D5C3 /* LabViewController.swift in Sources */ = {isa = PBXBuildFile; fileRef = 498DE1FB203C1C5D0045D5C3 /* LabViewController.swift */; };
		765011C620319FDF0008A47F /* Elements.plist in Resources */ = {isa = PBXBuildFile; fileRef = 765011C520319FDF0008A47F /* Elements.plist */; };
		769FC393203C0D5A00D76372 /* LabScene.sks in Resources */ = {isa = PBXBuildFile; fileRef = 769FC392203C0D5A00D76372 /* LabScene.sks */; };
		769FC397203C1DCD00D76372 /* LabScene.swift in Sources */ = {isa = PBXBuildFile; fileRef = 769FC396203C1DCD00D76372 /* LabScene.swift */; };
		76D439502024580B00844DAE /* AppDelegate.swift in Sources */ = {isa = PBXBuildFile; fileRef = 76D4394F2024580B00844DAE /* AppDelegate.swift */; };
		76D439552024580B00844DAE /* Main.storyboard in Resources */ = {isa = PBXBuildFile; fileRef = 76D439532024580B00844DAE /* Main.storyboard */; };
		76D439572024580B00844DAE /* Assets.xcassets in Resources */ = {isa = PBXBuildFile; fileRef = 76D439562024580B00844DAE /* Assets.xcassets */; };
		76D4395A2024580B00844DAE /* LaunchScreen.storyboard in Resources */ = {isa = PBXBuildFile; fileRef = 76D439582024580B00844DAE /* LaunchScreen.storyboard */; };
		76D43975202461AA00844DAE /* Controller1stGame.swift in Sources */ = {isa = PBXBuildFile; fileRef = 76D43974202461AA00844DAE /* Controller1stGame.swift */; };
		76D439812024707C00844DAE /* CardCell.swift in Sources */ = {isa = PBXBuildFile; fileRef = 76D439802024707C00844DAE /* CardCell.swift */; };
		76ECCA2E2039D36200D12D08 /* Controller2ndGame.swift in Sources */ = {isa = PBXBuildFile; fileRef = 76ECCA2C2039D36200D12D08 /* Controller2ndGame.swift */; };
		B48FB69F203EFC5900BAC375 /* Bubbles.mp3 in Resources */ = {isa = PBXBuildFile; fileRef = B48FB69D203EFC5800BAC375 /* Bubbles.mp3 */; };
		B48FB6A0203EFC5900BAC375 /* explosion.mp3 in Resources */ = {isa = PBXBuildFile; fileRef = B48FB69E203EFC5900BAC375 /* explosion.mp3 */; };
		B4AD6E27203F7408005775A2 /* shuffle.mp3 in Resources */ = {isa = PBXBuildFile; fileRef = B4AD6E26203F7408005775A2 /* shuffle.mp3 */; };
		B4CB3B022039DAC0003A61A5 /* CardModel.swift in Sources */ = {isa = PBXBuildFile; fileRef = B4CB3B012039DAC0003A61A5 /* CardModel.swift */; };
/* End PBXBuildFile section */

/* Begin PBXFileReference section */
		498DE1FB203C1C5D0045D5C3 /* LabViewController.swift */ = {isa = PBXFileReference; fileEncoding = 4; lastKnownFileType = sourcecode.swift; path = LabViewController.swift; sourceTree = "<group>"; };
		765011C520319FDF0008A47F /* Elements.plist */ = {isa = PBXFileReference; fileEncoding = 4; lastKnownFileType = text.plist.xml; path = Elements.plist; sourceTree = "<group>"; };
		769FC392203C0D5A00D76372 /* LabScene.sks */ = {isa = PBXFileReference; lastKnownFileType = file.sks; path = LabScene.sks; sourceTree = "<group>"; };
		769FC396203C1DCD00D76372 /* LabScene.swift */ = {isa = PBXFileReference; lastKnownFileType = sourcecode.swift; path = LabScene.swift; sourceTree = "<group>"; };
		76D4394C2024580B00844DAE /* chemistry.app */ = {isa = PBXFileReference; explicitFileType = wrapper.application; includeInIndex = 0; path = chemistry.app; sourceTree = BUILT_PRODUCTS_DIR; };
		76D4394F2024580B00844DAE /* AppDelegate.swift */ = {isa = PBXFileReference; lastKnownFileType = sourcecode.swift; path = AppDelegate.swift; sourceTree = "<group>"; };
		76D439542024580B00844DAE /* Base */ = {isa = PBXFileReference; lastKnownFileType = file.storyboard; name = Base; path = Base.lproj/Main.storyboard; sourceTree = "<group>"; };
		76D439562024580B00844DAE /* Assets.xcassets */ = {isa = PBXFileReference; lastKnownFileType = folder.assetcatalog; path = Assets.xcassets; sourceTree = "<group>"; };
		76D439592024580B00844DAE /* Base */ = {isa = PBXFileReference; lastKnownFileType = file.storyboard; name = Base; path = Base.lproj/LaunchScreen.storyboard; sourceTree = "<group>"; };
		76D4395B2024580B00844DAE /* Info.plist */ = {isa = PBXFileReference; lastKnownFileType = text.plist.xml; path = Info.plist; sourceTree = "<group>"; };
		76D43974202461AA00844DAE /* Controller1stGame.swift */ = {isa = PBXFileReference; lastKnownFileType = sourcecode.swift; path = Controller1stGame.swift; sourceTree = "<group>"; };
		76D439802024707C00844DAE /* CardCell.swift */ = {isa = PBXFileReference; lastKnownFileType = sourcecode.swift; path = CardCell.swift; sourceTree = "<group>"; };
		76ECCA2C2039D36200D12D08 /* Controller2ndGame.swift */ = {isa = PBXFileReference; fileEncoding = 4; lastKnownFileType = sourcecode.swift; path = Controller2ndGame.swift; sourceTree = "<group>"; };
		B48FB69D203EFC5800BAC375 /* Bubbles.mp3 */ = {isa = PBXFileReference; lastKnownFileType = audio.mp3; path = Bubbles.mp3; sourceTree = "<group>"; };
		B48FB69E203EFC5900BAC375 /* explosion.mp3 */ = {isa = PBXFileReference; lastKnownFileType = audio.mp3; path = explosion.mp3; sourceTree = "<group>"; };
		B4AD6E26203F7408005775A2 /* shuffle.mp3 */ = {isa = PBXFileReference; lastKnownFileType = audio.mp3; path = shuffle.mp3; sourceTree = "<group>"; };
		B4CB3B012039DAC0003A61A5 /* CardModel.swift */ = {isa = PBXFileReference; fileEncoding = 4; lastKnownFileType = sourcecode.swift; path = CardModel.swift; sourceTree = "<group>"; };
/* End PBXFileReference section */

/* Begin PBXFrameworksBuildPhase section */
		76D439492024580B00844DAE /* Frameworks */ = {
			isa = PBXFrameworksBuildPhase;
			buildActionMask = 2147483647;
			files = (
			);
			runOnlyForDeploymentPostprocessing = 0;
		};
/* End PBXFrameworksBuildPhase section */

/* Begin PBXGroup section */
		769FC391203C0D3F00D76372 /* Lab */ = {
			isa = PBXGroup;
			children = (
				769FC396203C1DCD00D76372 /* LabScene.swift */,
				498DE1FB203C1C5D0045D5C3 /* LabViewController.swift */,
				769FC392203C0D5A00D76372 /* LabScene.sks */,
			);
			path = Lab;
			sourceTree = "<group>";
		};
		76D439432024580B00844DAE = {
			isa = PBXGroup;
			children = (
				76D4394E2024580B00844DAE /* chemistry */,
				76D4394D2024580B00844DAE /* Products */,
			);
			sourceTree = "<group>";
		};
		76D4394D2024580B00844DAE /* Products */ = {
			isa = PBXGroup;
			children = (
				76D4394C2024580B00844DAE /* chemistry.app */,
			);
			name = Products;
			sourceTree = "<group>";
		};
		76D4394E2024580B00844DAE /* chemistry */ = {
			isa = PBXGroup;
			children = (
				76D439532024580B00844DAE /* Main.storyboard */,
				B4AD6E23203F6B97005775A2 /* Sounds */,
				769FC391203C0D3F00D76372 /* Lab */,
				B4A894AA203AC7FC0042F457 /* 1st Game */,
				B4A894AB203AC80A0042F457 /* 2nd Game */,
				76D4396120245A9B00844DAE /* Supporting Files */,
				765011C520319FDF0008A47F /* Elements.plist */,
				76D4395B2024580B00844DAE /* Info.plist */,
			);
			path = chemistry;
			sourceTree = "<group>";
		};
		76D4396120245A9B00844DAE /* Supporting Files */ = {
			isa = PBXGroup;
			children = (
				76D439582024580B00844DAE /* LaunchScreen.storyboard */,
				76D4394F2024580B00844DAE /* AppDelegate.swift */,
				76D439562024580B00844DAE /* Assets.xcassets */,
			);
			path = "Supporting Files";
			sourceTree = "<group>";
		};
		B4A894AA203AC7FC0042F457 /* 1st Game */ = {
			isa = PBXGroup;
			children = (
				76D439802024707C00844DAE /* CardCell.swift */,
				76D43974202461AA00844DAE /* Controller1stGame.swift */,
				B4CB3B012039DAC0003A61A5 /* CardModel.swift */,
			);
			path = "1st Game";
			sourceTree = "<group>";
		};
		B4A894AB203AC80A0042F457 /* 2nd Game */ = {
			isa = PBXGroup;
			children = (
				76ECCA2C2039D36200D12D08 /* Controller2ndGame.swift */,
			);
			path = "2nd Game";
			sourceTree = "<group>";
		};
		B4AD6E23203F6B97005775A2 /* Sounds */ = {
			isa = PBXGroup;
			children = (
				B4AD6E26203F7408005775A2 /* shuffle.mp3 */,
				B48FB69D203EFC5800BAC375 /* Bubbles.mp3 */,
				B48FB69E203EFC5900BAC375 /* explosion.mp3 */,
			);
			path = Sounds;
			sourceTree = "<group>";
		};
/* End PBXGroup section */

/* Begin PBXNativeTarget section */
		76D4394B2024580B00844DAE /* chemistry */ = {
			isa = PBXNativeTarget;
			buildConfigurationList = 76D4395E2024580B00844DAE /* Build configuration list for PBXNativeTarget "chemistry" */;
			buildPhases = (
				76D439482024580B00844DAE /* Sources */,
				76D439492024580B00844DAE /* Frameworks */,
				76D4394A2024580B00844DAE /* Resources */,
			);
			buildRules = (
			);
			dependencies = (
			);
			name = chemistry;
			productName = chemistry;
			productReference = 76D4394C2024580B00844DAE /* chemistry.app */;
			productType = "com.apple.product-type.application";
		};
/* End PBXNativeTarget section */

/* Begin PBXProject section */
		76D439442024580B00844DAE /* Project object */ = {
			isa = PBXProject;
			attributes = {
				LastSwiftUpdateCheck = 0920;
				LastUpgradeCheck = 0920;
				ORGANIZATIONNAME = "The Horcruxes";
				TargetAttributes = {
					76D4394B2024580B00844DAE = {
						CreatedOnToolsVersion = 9.2;
						ProvisioningStyle = Automatic;
					};
				};
			};
			buildConfigurationList = 76D439472024580B00844DAE /* Build configuration list for PBXProject "chemistry" */;
			compatibilityVersion = "Xcode 8.0";
			developmentRegion = en;
			hasScannedForEncodings = 0;
			knownRegions = (
				en,
				Base,
			);
			mainGroup = 76D439432024580B00844DAE;
			productRefGroup = 76D4394D2024580B00844DAE /* Products */;
			projectDirPath = "";
			projectRoot = "";
			targets = (
				76D4394B2024580B00844DAE /* chemistry */,
			);
		};
/* End PBXProject section */

/* Begin PBXResourcesBuildPhase section */
		76D4394A2024580B00844DAE /* Resources */ = {
			isa = PBXResourcesBuildPhase;
			buildActionMask = 2147483647;
			files = (
				76D4395A2024580B00844DAE /* LaunchScreen.storyboard in Resources */,
				76D439572024580B00844DAE /* Assets.xcassets in Resources */,
				769FC393203C0D5A00D76372 /* LabScene.sks in Resources */,
				76D439552024580B00844DAE /* Main.storyboard in Resources */,
				B48FB6A0203EFC5900BAC375 /* explosion.mp3 in Resources */,
				B48FB69F203EFC5900BAC375 /* Bubbles.mp3 in Resources */,
				B4AD6E27203F7408005775A2 /* shuffle.mp3 in Resources */,
				765011C620319FDF0008A47F /* Elements.plist in Resources */,
			);
			runOnlyForDeploymentPostprocessing = 0;
		};
/* End PBXResourcesBuildPhase section */

/* Begin PBXSourcesBuildPhase section */
		76D439482024580B00844DAE /* Sources */ = {
			isa = PBXSourcesBuildPhase;
			buildActionMask = 2147483647;
			files = (
				76ECCA2E2039D36200D12D08 /* Controller2ndGame.swift in Sources */,
				76D43975202461AA00844DAE /* Controller1stGame.swift in Sources */,
				498DE1FC203C1C5D0045D5C3 /* LabViewController.swift in Sources */,
				76D439502024580B00844DAE /* AppDelegate.swift in Sources */,
				769FC397203C1DCD00D76372 /* LabScene.swift in Sources */,
				B4CB3B022039DAC0003A61A5 /* CardModel.swift in Sources */,
				76D439812024707C00844DAE /* CardCell.swift in Sources */,
			);
			runOnlyForDeploymentPostprocessing = 0;
		};
/* End PBXSourcesBuildPhase section */

/* Begin PBXVariantGroup section */
		76D439532024580B00844DAE /* Main.storyboard */ = {
			isa = PBXVariantGroup;
			children = (
				76D439542024580B00844DAE /* Base */,
			);
			name = Main.storyboard;
			sourceTree = "<group>";
		};
		76D439582024580B00844DAE /* LaunchScreen.storyboard */ = {
			isa = PBXVariantGroup;
			children = (
				76D439592024580B00844DAE /* Base */,
			);
			name = LaunchScreen.storyboard;
			sourceTree = "<group>";
		};
/* End PBXVariantGroup section */

/* Begin XCBuildConfiguration section */
		76D4395C2024580B00844DAE /* Debug */ = {
			isa = XCBuildConfiguration;
			buildSettings = {
				ALWAYS_SEARCH_USER_PATHS = NO;
				CLANG_ANALYZER_NONNULL = YES;
				CLANG_ANALYZER_NUMBER_OBJECT_CONVERSION = YES_AGGRESSIVE;
				CLANG_CXX_LANGUAGE_STANDARD = "gnu++14";
				CLANG_CXX_LIBRARY = "libc++";
				CLANG_ENABLE_MODULES = YES;
				CLANG_ENABLE_OBJC_ARC = YES;
				CLANG_WARN_BLOCK_CAPTURE_AUTORELEASING = YES;
				CLANG_WARN_BOOL_CONVERSION = YES;
				CLANG_WARN_COMMA = YES;
				CLANG_WARN_CONSTANT_CONVERSION = YES;
				CLANG_WARN_DIRECT_OBJC_ISA_USAGE = YES_ERROR;
				CLANG_WARN_DOCUMENTATION_COMMENTS = YES;
				CLANG_WARN_EMPTY_BODY = YES;
				CLANG_WARN_ENUM_CONVERSION = YES;
				CLANG_WARN_INFINITE_RECURSION = YES;
				CLANG_WARN_INT_CONVERSION = YES;
				CLANG_WARN_NON_LITERAL_NULL_CONVERSION = YES;
				CLANG_WARN_OBJC_LITERAL_CONVERSION = YES;
				CLANG_WARN_OBJC_ROOT_CLASS = YES_ERROR;
				CLANG_WARN_RANGE_LOOP_ANALYSIS = YES;
				CLANG_WARN_STRICT_PROTOTYPES = YES;
				CLANG_WARN_SUSPICIOUS_MOVE = YES;
				CLANG_WARN_UNGUARDED_AVAILABILITY = YES_AGGRESSIVE;
				CLANG_WARN_UNREACHABLE_CODE = YES;
				CLANG_WARN__DUPLICATE_METHOD_MATCH = YES;
				CODE_SIGN_IDENTITY = "iPhone Developer";
				COPY_PHASE_STRIP = NO;
				DEBUG_INFORMATION_FORMAT = dwarf;
				ENABLE_STRICT_OBJC_MSGSEND = YES;
				ENABLE_TESTABILITY = YES;
				GCC_C_LANGUAGE_STANDARD = gnu11;
				GCC_DYNAMIC_NO_PIC = NO;
				GCC_NO_COMMON_BLOCKS = YES;
				GCC_OPTIMIZATION_LEVEL = 0;
				GCC_PREPROCESSOR_DEFINITIONS = (
					"DEBUG=1",
					"$(inherited)",
				);
				GCC_WARN_64_TO_32_BIT_CONVERSION = YES;
				GCC_WARN_ABOUT_RETURN_TYPE = YES_ERROR;
				GCC_WARN_UNDECLARED_SELECTOR = YES;
				GCC_WARN_UNINITIALIZED_AUTOS = YES_AGGRESSIVE;
				GCC_WARN_UNUSED_FUNCTION = YES;
				GCC_WARN_UNUSED_VARIABLE = YES;
				IPHONEOS_DEPLOYMENT_TARGET = 11.2;
				MTL_ENABLE_DEBUG_INFO = YES;
				ONLY_ACTIVE_ARCH = YES;
				SDKROOT = iphoneos;
				SWIFT_ACTIVE_COMPILATION_CONDITIONS = DEBUG;
				SWIFT_OPTIMIZATION_LEVEL = "-Onone";
			};
			name = Debug;
		};
		76D4395D2024580B00844DAE /* Release */ = {
			isa = XCBuildConfiguration;
			buildSettings = {
				ALWAYS_SEARCH_USER_PATHS = NO;
				CLANG_ANALYZER_NONNULL = YES;
				CLANG_ANALYZER_NUMBER_OBJECT_CONVERSION = YES_AGGRESSIVE;
				CLANG_CXX_LANGUAGE_STANDARD = "gnu++14";
				CLANG_CXX_LIBRARY = "libc++";
				CLANG_ENABLE_MODULES = YES;
				CLANG_ENABLE_OBJC_ARC = YES;
				CLANG_WARN_BLOCK_CAPTURE_AUTORELEASING = YES;
				CLANG_WARN_BOOL_CONVERSION = YES;
				CLANG_WARN_COMMA = YES;
				CLANG_WARN_CONSTANT_CONVERSION = YES;
				CLANG_WARN_DIRECT_OBJC_ISA_USAGE = YES_ERROR;
				CLANG_WARN_DOCUMENTATION_COMMENTS = YES;
				CLANG_WARN_EMPTY_BODY = YES;
				CLANG_WARN_ENUM_CONVERSION = YES;
				CLANG_WARN_INFINITE_RECURSION = YES;
				CLANG_WARN_INT_CONVERSION = YES;
				CLANG_WARN_NON_LITERAL_NULL_CONVERSION = YES;
				CLANG_WARN_OBJC_LITERAL_CONVERSION = YES;
				CLANG_WARN_OBJC_ROOT_CLASS = YES_ERROR;
				CLANG_WARN_RANGE_LOOP_ANALYSIS = YES;
				CLANG_WARN_STRICT_PROTOTYPES = YES;
				CLANG_WARN_SUSPICIOUS_MOVE = YES;
				CLANG_WARN_UNGUARDED_AVAILABILITY = YES_AGGRESSIVE;
				CLANG_WARN_UNREACHABLE_CODE = YES;
				CLANG_WARN__DUPLICATE_METHOD_MATCH = YES;
				CODE_SIGN_IDENTITY = "iPhone Developer";
				COPY_PHASE_STRIP = NO;
				DEBUG_INFORMATION_FORMAT = "dwarf-with-dsym";
				ENABLE_NS_ASSERTIONS = NO;
				ENABLE_STRICT_OBJC_MSGSEND = YES;
				GCC_C_LANGUAGE_STANDARD = gnu11;
				GCC_NO_COMMON_BLOCKS = YES;
				GCC_WARN_64_TO_32_BIT_CONVERSION = YES;
				GCC_WARN_ABOUT_RETURN_TYPE = YES_ERROR;
				GCC_WARN_UNDECLARED_SELECTOR = YES;
				GCC_WARN_UNINITIALIZED_AUTOS = YES_AGGRESSIVE;
				GCC_WARN_UNUSED_FUNCTION = YES;
				GCC_WARN_UNUSED_VARIABLE = YES;
				IPHONEOS_DEPLOYMENT_TARGET = 11.2;
				MTL_ENABLE_DEBUG_INFO = NO;
				SDKROOT = iphoneos;
				SWIFT_OPTIMIZATION_LEVEL = "-Owholemodule";
				VALIDATE_PRODUCT = YES;
			};
			name = Release;
		};
		76D4395F2024580B00844DAE /* Debug */ = {
			isa = XCBuildConfiguration;
			buildSettings = {
				ASSETCATALOG_COMPILER_APPICON_NAME = AppIcon;
				CODE_SIGN_STYLE = Automatic;
				DEVELOPMENT_TEAM = 3L3FL4C8QK;
				INFOPLIST_FILE = chemistry/Info.plist;
				LD_RUNPATH_SEARCH_PATHS = "$(inherited) @executable_path/Frameworks";
				PRODUCT_BUNDLE_IDENTIFIER = com.horcruxes.chemistry;
				PRODUCT_NAME = "$(TARGET_NAME)";
				SWIFT_VERSION = 4.0;
				TARGETED_DEVICE_FAMILY = 2;
			};
			name = Debug;
		};
		76D439602024580B00844DAE /* Release */ = {
			isa = XCBuildConfiguration;
			buildSettings = {
				ASSETCATALOG_COMPILER_APPICON_NAME = AppIcon;
				CODE_SIGN_STYLE = Automatic;
				DEVELOPMENT_TEAM = 3L3FL4C8QK;
				INFOPLIST_FILE = chemistry/Info.plist;
				LD_RUNPATH_SEARCH_PATHS = "$(inherited) @executable_path/Frameworks";
				PRODUCT_BUNDLE_IDENTIFIER = com.horcruxes.chemistry;
				PRODUCT_NAME = "$(TARGET_NAME)";
				SWIFT_VERSION = 4.0;
				TARGETED_DEVICE_FAMILY = 2;
			};
			name = Release;
		};
/* End XCBuildConfiguration section */

/* Begin XCConfigurationList section */
		76D439472024580B00844DAE /* Build configuration list for PBXProject "chemistry" */ = {
			isa = XCConfigurationList;
			buildConfigurations = (
				76D4395C2024580B00844DAE /* Debug */,
				76D4395D2024580B00844DAE /* Release */,
			);
			defaultConfigurationIsVisible = 0;
			defaultConfigurationName = Release;
		};
		76D4395E2024580B00844DAE /* Build configuration list for PBXNativeTarget "chemistry" */ = {
			isa = XCConfigurationList;
			buildConfigurations = (
				76D4395F2024580B00844DAE /* Debug */,
				76D439602024580B00844DAE /* Release */,
			);
			defaultConfigurationIsVisible = 0;
			defaultConfigurationName = Release;
		};
/* End XCConfigurationList section */
	};
	rootObject = 76D439442024580B00844DAE /* Project object */;
}
